
Microsoft Visual Studio Solution File, Format Version 12.00
# Visual Studio Version 17
VisualStudioVersion = 17.4.33110.190
MinimumVisualStudioVersion = 10.0.40219.1
Project("{FAE04EC0-301F-11D3-BF4B-00C04F79EFBC}") = "Base 2-16", "Base 2-16\Base 2-16.csproj", "{DF79DC19-7BD7-4C88-B29B-A4E597B04E5C}"
EndProject
Global
	GlobalSection(SolutionConfigurationPlatforms) = preSolution
		Debug|Any CPU = Debug|Any CPU
		Release|Any CPU = Release|Any CPU
	EndGlobalSection
	GlobalSection(ProjectConfigurationPlatforms) = postSolution
		{DF79DC19-7BD7-4C88-B29B-A4E597B04E5C}.Debug|Any CPU.ActiveCfg = Debug|Any CPU
		{DF79DC19-7BD7-4C88-B29B-A4E597B04E5C}.Debug|Any CPU.Build.0 = Debug|Any CPU
		{DF79DC19-7BD7-4C88-B29B-A4E597B04E5C}.Release|Any CPU.ActiveCfg = Release|Any CPU
		{DF79DC19-7BD7-4C88-B29B-A4E597B04E5C}.Release|Any CPU.Build.0 = Release|Any CPU
	EndGlobalSection
	GlobalSection(SolutionProperties) = preSolution
		HideSolutionNode = FALSE
	EndGlobalSection
	GlobalSection(ExtensibilityGlobals) = postSolution
		SolutionGuid = {FEAFC8FA-6C0F-42F9-B124-263BFC1E665D}
	EndGlobalSection
EndGlobal
